github.com/KarpelesLab/cryptutil v0.2.2 h1:s1S8CmsR2ZpHKfHtobU07itlEJfYMip2Ny/WwOjd2q0=
github.com/KarpelesLab/cryptutil v0.2.2/go.mod h1:Gn5CJg+XtkDcfuQOCSBoDe5odb22ikPaCbW8em3Y5B0=
github.com/KarpelesLab/cryptutil v0.2.3 h1:4/TujHX/bAQjZM9+qfYM/v5gpx8Sz56MWuOgWy70r9A=
github.com/KarpelesLab/cryptutil v0.2.3/go.mod h1:Gn5CJg+XtkDcfuQOCSBoDe5odb22ikPaCbW8em3Y5B0=
github.com/KarpelesLab/cryptutil v0.2.10 h1:xzPk5ywZBWY9uk+aysbC4M5gTlpIgawR7TN3R1JLZEE=
github.com/KarpelesLab/cryptutil v0.2.10/go.mod h1:2gBM1JlpscOqYSE08hoOug3pFpR2Hh6EV/6aK7ZANqQ=
github.com/KarpelesLab/pjson v0.1.9 h1:JVmm61sLRVb+5YkUDacgM1FlB9CTOsCUhEvF+OzUMf0=
github.com/KarpelesLab/pjson v0.1.9/go.mod h1:gb4uSTld7I2kO2WvLdat1mN1brsS1hzSR+dWw1hL3iU=
github.com/KarpelesLab/rest v0.5.20 h1:foQXapCgJ3mYSkxCO6ljZDRMolo8ptiJW7TbJmb9QjE=
github.com/KarpelesLab/rest v0.5.20/go.mod h1:Ks/tWkKBEh4N2e+ZoMROiI3sB5b1MnuA1Mj1yRvu1vg=
github.com/KarpelesLab/typutil v0.2.13 h1:9m9drR8aIe2MaNh9hAuM39Zecgx6uvtlVurUOlE+1vk=
github.com/KarpelesLab/typutil v0.2.13/go.mod h1:lqs248XpjFstgZMT5ZVP4/3B6zT7eEeq5kKj4/tC1IQ=
github.com/KarpelesLab/typutil v0.2.16 h1:uVA+2/NfmQ6nzNsy8Eh4q3AuyWGWnqHKyQ4llbTwt+o=
github.com/KarpelesLab/typutil v0.2.16/go.mod h1:lqs248XpjFstgZMT5ZVP4/3B6zT7eEeq5kKj4/tC1IQ=
github.com/KarpelesLab/webutil v0.2.1 h1:5mB+mPBj3iRasv9zY9rDAh00yvKQWJxDOjyUZTjfmlY=
github.com/KarpelesLab/webutil v0.2.1/go.mod h1:AKTsmoimqwSdJHtZzBnvxcjQv3lgyw/GVJFVyXaDilU=
github.com/ModChain/edwards25519 v1.0.0 h1:Geww/chivFY6E/mZgA4chVf4HWvUgJ1LdRZ0v2d25Eo=
github.com/ModChain/edwards25519 v1.0.0/go.mod h1:kjiZ1iVWnsHVMHeIgWFu26ik6/jPlE+c9MrfO5wbLm4=
github.com/fxamacker/cbor/v2 v2.7.0 h1:iM5WgngdRBanHcxugY4JySA0nk1wZorNOpTgCMedv5E=
github.com/fxamacker/cbor/v2 v2.7.0/go.mod h1:pxXPTn3joSm21Gbwsv0w9OSA2y1HFR9qXEeXQVeNoDQ=
github.com/google/uuid v1.6.0 h1:NIvaJDMOsjHA8n1jAhLSgzrAzy1Hgr+hNrb57e+94F0=
github.com/google/uuid v1.6.0/go.mod h1:TIyPZe4MgqvfeYDBFedMoGGpEw/LqOeaOT+nhxU+yHo=
github.com/x448/float16 v0.8.4 h1:qLwI1I70+NjRFUR3zs1JPUCgaCXSh3SW62uAKT1mSBM=
github.com/x448/float16 v0.8.4/go.mod h1:14CWIYCyZA/cWjXOioeEpHeN/83MdbZDRQHoFcYsOfg=
golang.org/x/exp v0.0.0-20240613232115-7f521ea00fb8 h1:yixxcjnhBmY0nkL253HFVIm0JsFHwrHdT3Yh6szTnfY=
golang.org/x/exp v0.0.0-20240613232115-7f521ea00fb8/go.mod h1:jj3sYF3dwk5D+ghuXyeI3r5MFf+NT2An6/9dOA95KSI=
golang.org/x/exp v0.0.0-20240823005443-9b4947da3948 h1:kx6Ds3MlpiUHKj7syVnbp57++8WpuKPcR5yjLBjvLEA=
golang.org/x/exp v0.0.0-20240823005443-9b4947da3948/go.mod h1:akd2r19cwCdwSwWeIdzYQGa/EZZyqcOdwWiwj5L5eKQ=
