github.com/BottleFmt/gobottle v1.0.0 h1:9B3jVvusEItcHcdvDHhPshzcl/zhVCobVDrgZ+f3sDg=
github.com/BottleFmt/gobottle v1.0.0/go.mod h1:atZzDqFCpzjHuLg4bPE5wWFJWqxS5+UtTkxiJbSyKtY=
github.com/KarpelesLab/emitter v0.3.0 h1:Q1ggg/ZTohxiwYhm5H4C9phzq1RPNOi9MmWT5HuTSLQ=
github.com/KarpelesLab/emitter v0.3.0/go.mod h1:JOaQADpNVN0OJfhkDurRCUkMEotPM8Pukh3DadTOY+4=
github.com/KarpelesLab/mldsa v0.1.1 h1:ql1YN/5R2cQ74Bi05EUiMrOkcl++GrRVNBX4SCJALuU=
github.com/KarpelesLab/mldsa v0.1.1/go.mod h1:x1T4Gyd86wpLwnk1LafWJCqD3EwvhZKXK+0QfHgqZBk=
github.com/KarpelesLab/pjson v0.2.0 h1:Qpv9v6AhvcH7k+iFMPUN11bcgqHyyBNCvRweh9eI7JY=
github.com/KarpelesLab/pjson v0.2.0/go.mod h1:v3xur0hbHYFmi0vlNqUOqXE7FGmz845gtFJONiuwKho=
github.com/KarpelesLab/rest v0.6.15 h1:noiVLPHmFcyOGnWxl5nVPWtKK1ML+Wns02W2+uqZA+E=
github.com/KarpelesLab/rest v0.6.15/go.mod h1:rhLtP2T+hYHfOAUIDvxTzGyMj8iWtvus+Nb1IhSJFAg=
github.com/KarpelesLab/slhdsa v0.1.0 h1:5qAT+oWF5ENEXQA6qrgpHNwwt1GXPwjKSjplFSqcEp0=
github.com/KarpelesLab/slhdsa v0.1.0/go.mod h1:VpvPoyXGXABOX0ahkrS260BZrVZWIt5pD9g5waVWsWw=
github.com/KarpelesLab/spotproto v0.3.0 h1:e823Zlr9fZsjyqXiNhOgp02bJ6WA/GOEECOm5VI8C7E=
github.com/KarpelesLab/spotproto v0.3.0/go.mod h1:gVj35/deJ2huOTmXNUl57VNWuOPAdoJ3w5rofxjSqHY=
github.com/KarpelesLab/typutil v0.2.33 h1:vhtci++5Ke5HTgHs9fQQ61Dq1ij0AdLZsAbYilHrNvg=
github.com/KarpelesLab/typutil v0.2.33/go.mod h1:8QWuhh8zAkTt+AszMeENIYZJC4JQtk+Ib0yLlSqLLyY=
github.com/KarpelesLab/webutil v0.2.6 h1:7RPSU8MAQS1Zc8+SeXv5zQWFhPBoyPRyb4v2MGr2GW0=
github.com/KarpelesLab/webutil v0.2.6/go.mod h1:i+QTcI3mIqlntMcoXk3bgKOOGVJ96a5pCdAl3cZdkOk=
github.com/ModChain/edwards25519 v1.1.5 h1:uuSdUHMUr/OJGEwKAt7quj4DoharRzhufCPHns5p1xc=
github.com/ModChain/edwards25519 v1.1.5/go.mod h1:RIUcKuRkXopnFSwuVgaM8+vLXz5LB/llSKgsOldvbGc=
github.com/coder/websocket v1.8.14 h1:9L0p0iKiNOibykf283eHkKUHHrpG7f65OE3BhhO7v9g=
github.com/coder/websocket v1.8.14/go.mod h1:NX3SzP+inril6yawo5CQXx8+fk145lPDC6pumgx0mVg=
github.com/fxamacker/cbor/v2 v2.9.0 h1:NpKPmjDBgUfBms6tr6JZkTHtfFGcMKsw3eGcmD/sapM=
github.com/fxamacker/cbor/v2 v2.9.0/go.mod h1:vM4b+DJCtHn+zz7h3FFp/hDAI9WNWCsZj23V5ytsSxQ=
github.com/google/uuid v1.6.0 h1:NIvaJDMOsjHA8n1jAhLSgzrAzy1Hgr+hNrb57e+94F0=
github.com/google/uuid v1.6.0/go.mod h1:TIyPZe4MgqvfeYDBFedMoGGpEw/LqOeaOT+nhxU+yHo=
github.com/x448/float16 v0.8.4 h1:qLwI1I70+NjRFUR3zs1JPUCgaCXSh3SW62uAKT1mSBM=
github.com/x448/float16 v0.8.4/go.mod h1:14CWIYCyZA/cWjXOioeEpHeN/83MdbZDRQHoFcYsOfg=
golang.org/x/crypto v0.35.0 h1:b15kiHdrGCHrP6LvwaQ3c03kgNhhiMgvlhxHQhmg2Xs=
golang.org/x/crypto v0.35.0/go.mod h1:dy7dXNW32cAb/6/PRuTNsix8T+vJAqvuIy5Bli/x0YQ=
