github.com/KarpelesLab/cryptutil v0.2.30 h1:Klc8qeNsSH1R0ekaZjRdjA8cgzAuurpbxaO5LEcYScA=
github.com/KarpelesLab/cryptutil v0.2.30/go.mod h1:2gBM1JlpscOqYSE08hoOug3pFpR2Hh6EV/6aK7ZANqQ=
github.com/KarpelesLab/emitter v0.2.1 h1:DlWLjZAa2c9wc02K5f4zHAt0Jv1C1tQgLgT7VbF7yYI=
github.com/KarpelesLab/emitter v0.2.1/go.mod h1:JOaQADpNVN0OJfhkDurRCUkMEotPM8Pukh3DadTOY+4=
github.com/KarpelesLab/emitter v0.3.0 h1:Q1ggg/ZTohxiwYhm5H4C9phzq1RPNOi9MmWT5HuTSLQ=
github.com/KarpelesLab/emitter v0.3.0/go.mod h1:JOaQADpNVN0OJfhkDurRCUkMEotPM8Pukh3DadTOY+4=
github.com/KarpelesLab/pjson v0.1.9 h1:JVmm61sLRVb+5YkUDacgM1FlB9CTOsCUhEvF+OzUMf0=
github.com/KarpelesLab/pjson v0.1.9/go.mod h1:gb4uSTld7I2kO2WvLdat1mN1brsS1hzSR+dWw1hL3iU=
github.com/KarpelesLab/pjson v0.2.0 h1:Qpv9v6AhvcH7k+iFMPUN11bcgqHyyBNCvRweh9eI7JY=
github.com/KarpelesLab/pjson v0.2.0/go.mod h1:v3xur0hbHYFmi0vlNqUOqXE7FGmz845gtFJONiuwKho=
github.com/KarpelesLab/rest v0.5.21 h1:PidK0EiH9UJCo31DFIB8yOovaEjAKO2GSmCatdR7nOk=
github.com/KarpelesLab/rest v0.5.21/go.mod h1:Ks/tWkKBEh4N2e+ZoMROiI3sB5b1MnuA1Mj1yRvu1vg=
github.com/KarpelesLab/rest v0.6.15 h1:noiVLPHmFcyOGnWxl5nVPWtKK1ML+Wns02W2+uqZA+E=
github.com/KarpelesLab/rest v0.6.15/go.mod h1:rhLtP2T+hYHfOAUIDvxTzGyMj8iWtvus+Nb1IhSJFAg=
github.com/KarpelesLab/spotproto v0.2.1 h1:7rHq0MAgPCWYHhInkieHYZ2puP5ffBPZAwt8TscXSr4=
github.com/KarpelesLab/spotproto v0.2.1/go.mod h1:y4NmEkiK2i+INDka6rtc2C15khAGQRMRAqaW9oCJrE0=
github.com/KarpelesLab/typutil v0.2.16 h1:uVA+2/NfmQ6nzNsy8Eh4q3AuyWGWnqHKyQ4llbTwt+o=
github.com/KarpelesLab/typutil v0.2.16/go.mod h1:lqs248XpjFstgZMT5ZVP4/3B6zT7eEeq5kKj4/tC1IQ=
github.com/KarpelesLab/typutil v0.2.33 h1:vhtci++5Ke5HTgHs9fQQ61Dq1ij0AdLZsAbYilHrNvg=
github.com/KarpelesLab/typutil v0.2.33/go.mod h1:8QWuhh8zAkTt+AszMeENIYZJC4JQtk+Ib0yLlSqLLyY=
github.com/KarpelesLab/webutil v0.2.1 h1:5mB+mPBj3iRasv9zY9rDAh00yvKQWJxDOjyUZTjfmlY=
github.com/KarpelesLab/webutil v0.2.1/go.mod h1:AKTsmoimqwSdJHtZzBnvxcjQv3lgyw/GVJFVyXaDilU=
github.com/KarpelesLab/webutil v0.2.6 h1:7RPSU8MAQS1Zc8+SeXv5zQWFhPBoyPRyb4v2MGr2GW0=
github.com/KarpelesLab/webutil v0.2.6/go.mod h1:i+QTcI3mIqlntMcoXk3bgKOOGVJ96a5pCdAl3cZdkOk=
github.com/ModChain/edwards25519 v1.0.0 h1:Geww/chivFY6E/mZgA4chVf4HWvUgJ1LdRZ0v2d25Eo=
github.com/ModChain/edwards25519 v1.0.0/go.mod h1:kjiZ1iVWnsHVMHeIgWFu26ik6/jPlE+c9MrfO5wbLm4=
github.com/ModChain/edwards25519 v1.1.5 h1:uuSdUHMUr/OJGEwKAt7quj4DoharRzhufCPHns5p1xc=
github.com/ModChain/edwards25519 v1.1.5/go.mod h1:RIUcKuRkXopnFSwuVgaM8+vLXz5LB/llSKgsOldvbGc=
github.com/coder/websocket v1.8.12 h1:5bUXkEPPIbewrnkU8LTCLVaxi4N4J8ahufH2vlo4NAo=
github.com/coder/websocket v1.8.12/go.mod h1:LNVeNrXQZfe5qhS9ALED3uA+l5pPqvwXg3CKoDBB2gs=
github.com/coder/websocket v1.8.14 h1:9L0p0iKiNOibykf283eHkKUHHrpG7f65OE3BhhO7v9g=
github.com/coder/websocket v1.8.14/go.mod h1:NX3SzP+inril6yawo5CQXx8+fk145lPDC6pumgx0mVg=
github.com/fxamacker/cbor/v2 v2.7.0 h1:iM5WgngdRBanHcxugY4JySA0nk1wZorNOpTgCMedv5E=
github.com/fxamacker/cbor/v2 v2.7.0/go.mod h1:pxXPTn3joSm21Gbwsv0w9OSA2y1HFR9qXEeXQVeNoDQ=
github.com/fxamacker/cbor/v2 v2.9.0 h1:NpKPmjDBgUfBms6tr6JZkTHtfFGcMKsw3eGcmD/sapM=
github.com/fxamacker/cbor/v2 v2.9.0/go.mod h1:vM4b+DJCtHn+zz7h3FFp/hDAI9WNWCsZj23V5ytsSxQ=
github.com/google/uuid v1.6.0 h1:NIvaJDMOsjHA8n1jAhLSgzrAzy1Hgr+hNrb57e+94F0=
github.com/google/uuid v1.6.0/go.mod h1:TIyPZe4MgqvfeYDBFedMoGGpEw/LqOeaOT+nhxU+yHo=
github.com/x448/float16 v0.8.4 h1:qLwI1I70+NjRFUR3zs1JPUCgaCXSh3SW62uAKT1mSBM=
github.com/x448/float16 v0.8.4/go.mod h1:14CWIYCyZA/cWjXOioeEpHeN/83MdbZDRQHoFcYsOfg=
golang.org/x/crypto v0.23.0 h1:dIJU/v2J8Mdglj/8rJ6UUOM3Zc9zLZxVZwwxMooUSAI=
golang.org/x/crypto v0.23.0/go.mod h1:CKFgDieR+mRhux2Lsu27y0fO304Db0wZe70UKqHu0v8=
golang.org/x/exp v0.0.0-20240823005443-9b4947da3948 h1:kx6Ds3MlpiUHKj7syVnbp57++8WpuKPcR5yjLBjvLEA=
golang.org/x/exp v0.0.0-20240823005443-9b4947da3948/go.mod h1:akd2r19cwCdwSwWeIdzYQGa/EZZyqcOdwWiwj5L5eKQ=
golang.org/x/exp v0.0.0-20251209150349-8475f28825e9 h1:MDfG8Cvcqlt9XXrmEiD4epKn7VJHZO84hejP9Jmp0MM=
golang.org/x/exp v0.0.0-20251209150349-8475f28825e9/go.mod h1:EPRbTFwzwjXj9NpYyyrvenVh9Y+GFeEvMNh7Xuz7xgU=
